// !$*UTF8*$!
{
	archiveVersion = 1;
	classes = {
	};
	objectVersion = 56;
	objects = {

/* Begin PBXBuildFile section */
		63125E422CBF558900C8CBAF /* fgrain_metal.cpp in Sources */ = {isa = PBXBuildFile; fileRef = 63125E412CBF558900C8CBAF /* fgrain_metal.cpp */; };
		63125E4A2CBF55BC00C8CBAF /* render.swift in Sources */ = {isa = PBXBuildFile; fileRef = 63125E492CBF55BC00C8CBAF /* render.swift */; };
		63125E4C2CBF55FD00C8CBAF /* MetalBridge.m in Sources */ = {isa = PBXBuildFile; fileRef = 63125E4B2CBF55FD00C8CBAF /* MetalBridge.m */; };
		63125E4F2CBF56B800C8CBAF /* VapourSynth4.h in Headers */ = {isa = PBXBuildFile; fileRef = 63125E4D2CBF56B800C8CBAF /* VapourSynth4.h */; };
		63125E502CBF56B800C8CBAF /* VSHelper4.h in Headers */ = {isa = PBXBuildFile; fileRef = 63125E4E2CBF56B800C8CBAF /* VSHelper4.h */; };
		63125E522CBF56F800C8CBAF /* Shader.metal in Sources */ = {isa = PBXBuildFile; fileRef = 63125E512CBF56F800C8CBAF /* Shader.metal */; };
/* End PBXBuildFile section */

/* Begin PBXFileReference section */
		63125E3A2CBF558900C8CBAF /* libfgrain_metal.dylib */ = {isa = PBXFileReference; explicitFileType = "compiled.mach-o.dylib"; includeInIndex = 0; path = libfgrain_metal.dylib; sourceTree = BUILT_PRODUCTS_DIR; };
		63125E412CBF558900C8CBAF /* fgrain_metal.cpp */ = {isa = PBXFileReference; lastKnownFileType = sourcecode.cpp.cpp; path = fgrain_metal.cpp; sourceTree = "<group>"; };
		63125E482CBF55BB00C8CBAF /* fgrain_metal-Bridging-Header.h */ = {isa = PBXFileReference; lastKnownFileType = sourcecode.c.h; path = "fgrain_metal-Bridging-Header.h"; sourceTree = "<group>"; };
		63125E492CBF55BC00C8CBAF /* render.swift */ = {isa = PBXFileReference; lastKnownFileType = sourcecode.swift; path = render.swift; sourceTree = "<group>"; };
		63125E4B2CBF55FD00C8CBAF /* MetalBridge.m */ = {isa = PBXFileReference; lastKnownFileType = sourcecode.c.objc; path = MetalBridge.m; sourceTree = "<group>"; };
		63125E4D2CBF56B800C8CBAF /* VapourSynth4.h */ = {isa = PBXFileReference; fileEncoding = 4; lastKnownFileType = sourcecode.c.h; path = VapourSynth4.h; sourceTree = "<group>"; };
		63125E4E2CBF56B800C8CBAF /* VSHelper4.h */ = {isa = PBXFileReference; fileEncoding = 4; lastKnownFileType = sourcecode.c.h; path = VSHelper4.h; sourceTree = "<group>"; };
		63125E512CBF56F800C8CBAF /* Shader.metal */ = {isa = PBXFileReference; lastKnownFileType = sourcecode.metal; path = Shader.metal; sourceTree = "<group>"; };
/* End PBXFileReference section */

/* Begin PBXFrameworksBuildPhase section */
		63125E382CBF558900C8CBAF /* Frameworks */ = {
			isa = PBXFrameworksBuildPhase;
			buildActionMask = 2147483647;
			files = (
			);
			runOnlyForDeploymentPostprocessing = 0;
		};
/* End PBXFrameworksBuildPhase section */

/* Begin PBXGroup section */
		63125E312CBF558900C8CBAF = {
			isa = PBXGroup;
			children = (
				63125E492CBF55BC00C8CBAF /* render.swift */,
				63125E3C2CBF558900C8CBAF /* fgrain_metal */,
				63125E3B2CBF558900C8CBAF /* Products */,
				63125E482CBF55BB00C8CBAF /* fgrain_metal-Bridging-Header.h */,
				63125E4B2CBF55FD00C8CBAF /* MetalBridge.m */,
				63125E512CBF56F800C8CBAF /* Shader.metal */,
				63125E4D2CBF56B800C8CBAF /* VapourSynth4.h */,
				63125E4E2CBF56B800C8CBAF /* VSHelper4.h */,
			);
			sourceTree = "<group>";
		};
		63125E3B2CBF558900C8CBAF /* Products */ = {
			isa = PBXGroup;
			children = (
				63125E3A2CBF558900C8CBAF /* libfgrain_metal.dylib */,
			);
			name = Products;
			sourceTree = "<group>";
		};
		63125E3C2CBF558900C8CBAF /* fgrain_metal */ = {
			isa = PBXGroup;
			children = (
				63125E412CBF558900C8CBAF /* fgrain_metal.cpp */,
			);
			path = fgrain_metal;
			sourceTree = "<group>";
		};
/* End PBXGroup section */

/* Begin PBXHeadersBuildPhase section */
		63125E362CBF558900C8CBAF /* Headers */ = {
			isa = PBXHeadersBuildPhase;
			buildActionMask = 2147483647;
			files = (
				63125E502CBF56B800C8CBAF /* VSHelper4.h in Headers */,
				63125E4F2CBF56B800C8CBAF /* VapourSynth4.h in Headers */,
			);
			runOnlyForDeploymentPostprocessing = 0;
		};
/* End PBXHeadersBuildPhase section */

/* Begin PBXNativeTarget section */
		63125E392CBF558900C8CBAF /* fgrain_metal */ = {
			isa = PBXNativeTarget;
			buildConfigurationList = 63125E452CBF558900C8CBAF /* Build configuration list for PBXNativeTarget "fgrain_metal" */;
			buildPhases = (
				63125E362CBF558900C8CBAF /* Headers */,
				63125E372CBF558900C8CBAF /* Sources */,
				63125E382CBF558900C8CBAF /* Frameworks */,
			);
			buildRules = (
			);
			dependencies = (
			);
			name = fgrain_metal;
			productName = fgrain_metal;
			productReference = 63125E3A2CBF558900C8CBAF /* libfgrain_metal.dylib */;
			productType = "com.apple.product-type.library.dynamic";
		};
/* End PBXNativeTarget section */

/* Begin PBXProject section */
		63125E322CBF558900C8CBAF /* Project object */ = {
			isa = PBXProject;
			attributes = {
				BuildIndependentTargetsInParallel = 1;
				LastUpgradeCheck = 1540;
				TargetAttributes = {
					63125E392CBF558900C8CBAF = {
						CreatedOnToolsVersion = 15.4;
						LastSwiftMigration = 1540;
					};
				};
			};
			buildConfigurationList = 63125E352CBF558900C8CBAF /* Build configuration list for PBXProject "fgrain_metal" */;
			compatibilityVersion = "Xcode 14.0";
			developmentRegion = en;
			hasScannedForEncodings = 0;
			knownRegions = (
				en,
				Base,
			);
			mainGroup = 63125E312CBF558900C8CBAF;
			productRefGroup = 63125E3B2CBF558900C8CBAF /* Products */;
			projectDirPath = "";
			projectRoot = "";
			targets = (
				63125E392CBF558900C8CBAF /* fgrain_metal */,
			);
		};
/* End PBXProject section */

/* Begin PBXSourcesBuildPhase section */
		63125E372CBF558900C8CBAF /* Sources */ = {
			isa = PBXSourcesBuildPhase;
			buildActionMask = 2147483647;
			files = (
				63125E522CBF56F800C8CBAF /* Shader.metal in Sources */,
				63125E422CBF558900C8CBAF /* fgrain_metal.cpp in Sources */,
				63125E4C2CBF55FD00C8CBAF /* MetalBridge.m in Sources */,
				63125E4A2CBF55BC00C8CBAF /* render.swift in Sources */,
			);
			runOnlyForDeploymentPostprocessing = 0;
		};
/* End PBXSourcesBuildPhase section */

/* Begin XCBuildConfiguration section */
		63125E432CBF558900C8CBAF /* Debug */ = {
			isa = XCBuildConfiguration;
			buildSettings = {
				ALWAYS_SEARCH_USER_PATHS = NO;
				ASSETCATALOG_COMPILER_GENERATE_SWIFT_ASSET_SYMBOL_EXTENSIONS = YES;
				CLANG_ANALYZER_NONNULL = YES;
				CLANG_ANALYZER_NUMBER_OBJECT_CONVERSION = YES_AGGRESSIVE;
				CLANG_CXX_LANGUAGE_STANDARD = "gnu++20";
				CLANG_ENABLE_MODULES = YES;
				CLANG_ENABLE_OBJC_ARC = YES;
				CLANG_ENABLE_OBJC_WEAK = YES;
				CLANG_WARN_BLOCK_CAPTURE_AUTORELEASING = YES;
				CLANG_WARN_BOOL_CONVERSION = YES;
				CLANG_WARN_COMMA = YES;
				CLANG_WARN_CONSTANT_CONVERSION = YES;
				CLANG_WARN_DEPRECATED_OBJC_IMPLEMENTATIONS = YES;
				CLANG_WARN_DIRECT_OBJC_ISA_USAGE = YES_ERROR;
				CLANG_WARN_DOCUMENTATION_COMMENTS = YES;
				CLANG_WARN_EMPTY_BODY = YES;
				CLANG_WARN_ENUM_CONVERSION = YES;
				CLANG_WARN_INFINITE_RECURSION = YES;
				CLANG_WARN_INT_CONVERSION = YES;
				CLANG_WARN_NON_LITERAL_NULL_CONVERSION = YES;
				CLANG_WARN_OBJC_IMPLICIT_RETAIN_SELF = YES;
				CLANG_WARN_OBJC_LITERAL_CONVERSION = YES;
				CLANG_WARN_OBJC_ROOT_CLASS = YES_ERROR;
				CLANG_WARN_QUOTED_INCLUDE_IN_FRAMEWORK_HEADER = YES;
				CLANG_WARN_RANGE_LOOP_ANALYSIS = YES;
				CLANG_WARN_STRICT_PROTOTYPES = YES;
				CLANG_WARN_SUSPICIOUS_MOVE = YES;
				CLANG_WARN_UNGUARDED_AVAILABILITY = YES_AGGRESSIVE;
				CLANG_WARN_UNREACHABLE_CODE = YES;
				CLANG_WARN__DUPLICATE_METHOD_MATCH = YES;
				COPY_PHASE_STRIP = NO;
				DEBUG_INFORMATION_FORMAT = dwarf;
				ENABLE_STRICT_OBJC_MSGSEND = YES;
				ENABLE_TESTABILITY = YES;
				ENABLE_USER_SCRIPT_SANDBOXING = YES;
				GCC_C_LANGUAGE_STANDARD = gnu17;
				GCC_DYNAMIC_NO_PIC = NO;
				GCC_NO_COMMON_BLOCKS = YES;
				GCC_OPTIMIZATION_LEVEL = 0;
				GCC_PREPROCESSOR_DEFINITIONS = (
					"DEBUG=1",
					"$(inherited)",
				);
				GCC_WARN_64_TO_32_BIT_CONVERSION = YES;
				GCC_WARN_ABOUT_RETURN_TYPE = YES_ERROR;
				GCC_WARN_UNDECLARED_SELECTOR = YES;
				GCC_WARN_UNINITIALIZED_AUTOS = YES_AGGRESSIVE;
				GCC_WARN_UNUSED_FUNCTION = YES;
				GCC_WARN_UNUSED_VARIABLE = YES;
				LOCALIZATION_PREFERS_STRING_CATALOGS = YES;
				MACOSX_DEPLOYMENT_TARGET = 14.5;
				MTL_ENABLE_DEBUG_INFO = INCLUDE_SOURCE;
				MTL_FAST_MATH = YES;
				ONLY_ACTIVE_ARCH = YES;
				SDKROOT = macosx;
			};
			name = Debug;
		};
		63125E442CBF558900C8CBAF /* Release */ = {
			isa = XCBuildConfiguration;
			buildSettings = {
				ALWAYS_SEARCH_USER_PATHS = NO;
				ASSETCATALOG_COMPILER_GENERATE_SWIFT_ASSET_SYMBOL_EXTENSIONS = YES;
				CLANG_ANALYZER_NONNULL = YES;
				CLANG_ANALYZER_NUMBER_OBJECT_CONVERSION = YES_AGGRESSIVE;
				CLANG_CXX_LANGUAGE_STANDARD = "gnu++20";
				CLANG_ENABLE_MODULES = YES;
				CLANG_ENABLE_OBJC_ARC = YES;
				CLANG_ENABLE_OBJC_WEAK = YES;
				CLANG_WARN_BLOCK_CAPTURE_AUTORELEASING = YES;
				CLANG_WARN_BOOL_CONVERSION = YES;
				CLANG_WARN_COMMA = YES;
				CLANG_WARN_CONSTANT_CONVERSION = YES;
				CLANG_WARN_DEPRECATED_OBJC_IMPLEMENTATIONS = YES;
				CLANG_WARN_DIRECT_OBJC_ISA_USAGE = YES_ERROR;
				CLANG_WARN_DOCUMENTATION_COMMENTS = YES;
				CLANG_WARN_EMPTY_BODY = YES;
				CLANG_WARN_ENUM_CONVERSION = YES;
				CLANG_WARN_INFINITE_RECURSION = YES;
				CLANG_WARN_INT_CONVERSION = YES;
				CLANG_WARN_NON_LITERAL_NULL_CONVERSION = YES;
				CLANG_WARN_OBJC_IMPLICIT_RETAIN_SELF = YES;
				CLANG_WARN_OBJC_LITERAL_CONVERSION = YES;
				CLANG_WARN_OBJC_ROOT_CLASS = YES_ERROR;
				CLANG_WARN_QUOTED_INCLUDE_IN_FRAMEWORK_HEADER = YES;
				CLANG_WARN_RANGE_LOOP_ANALYSIS = YES;
				CLANG_WARN_STRICT_PROTOTYPES = YES;
				CLANG_WARN_SUSPICIOUS_MOVE = YES;
				CLANG_WARN_UNGUARDED_AVAILABILITY = YES_AGGRESSIVE;
				CLANG_WARN_UNREACHABLE_CODE = YES;
				CLANG_WARN__DUPLICATE_METHOD_MATCH = YES;
				COPY_PHASE_STRIP = NO;
				DEBUG_INFORMATION_FORMAT = "dwarf-with-dsym";
				ENABLE_NS_ASSERTIONS = NO;
				ENABLE_STRICT_OBJC_MSGSEND = YES;
				ENABLE_USER_SCRIPT_SANDBOXING = YES;
				GCC_C_LANGUAGE_STANDARD = gnu17;
				GCC_NO_COMMON_BLOCKS = YES;
				GCC_WARN_64_TO_32_BIT_CONVERSION = YES;
				GCC_WARN_ABOUT_RETURN_TYPE = YES_ERROR;
				GCC_WARN_UNDECLARED_SELECTOR = YES;
				GCC_WARN_UNINITIALIZED_AUTOS = YES_AGGRESSIVE;
				GCC_WARN_UNUSED_FUNCTION = YES;
				GCC_WARN_UNUSED_VARIABLE = YES;
				LOCALIZATION_PREFERS_STRING_CATALOGS = YES;
				MACOSX_DEPLOYMENT_TARGET = 14.5;
				MTL_ENABLE_DEBUG_INFO = NO;
				MTL_FAST_MATH = YES;
				SDKROOT = macosx;
			};
			name = Release;
		};
		63125E462CBF558900C8CBAF /* Debug */ = {
			isa = XCBuildConfiguration;
			buildSettings = {
				CLANG_ENABLE_MODULES = YES;
				CODE_SIGN_STYLE = Automatic;
				DYLIB_COMPATIBILITY_VERSION = 1;
				DYLIB_CURRENT_VERSION = 1;
				EXECUTABLE_PREFIX = lib;
				GCC_ENABLE_CPP_EXCEPTIONS = YES;
				GCC_ENABLE_CPP_RTTI = YES;
				GCC_SYMBOLS_PRIVATE_EXTERN = YES;
				PRODUCT_NAME = "$(TARGET_NAME)";
				SKIP_INSTALL = YES;
				SWIFT_OBJC_BRIDGING_HEADER = "fgrain_metal-Bridging-Header.h";
				SWIFT_OPTIMIZATION_LEVEL = "-Onone";
				SWIFT_VERSION = 5.0;
			};
			name = Debug;
		};
		63125E472CBF558900C8CBAF /* Release */ = {
			isa = XCBuildConfiguration;
			buildSettings = {
				CLANG_ENABLE_MODULES = YES;
				CODE_SIGN_STYLE = Automatic;
				DYLIB_COMPATIBILITY_VERSION = 1;
				DYLIB_CURRENT_VERSION = 1;
				EXECUTABLE_PREFIX = lib;
				GCC_ENABLE_CPP_EXCEPTIONS = YES;
				GCC_ENABLE_CPP_RTTI = YES;
				GCC_SYMBOLS_PRIVATE_EXTERN = YES;
				PRODUCT_NAME = "$(TARGET_NAME)";
				SKIP_INSTALL = YES;
				SWIFT_OBJC_BRIDGING_HEADER = "fgrain_metal-Bridging-Header.h";
				SWIFT_VERSION = 5.0;
			};
			name = Release;
		};
/* End XCBuildConfiguration section */

/* Begin XCConfigurationList section */
		63125E352CBF558900C8CBAF /* Build configuration list for PBXProject "fgrain_metal" */ = {
			isa = XCConfigurationList;
			buildConfigurations = (
				63125E432CBF558900C8CBAF /* Debug */,
				63125E442CBF558900C8CBAF /* Release */,
			);
			defaultConfigurationIsVisible = 0;
			defaultConfigurationName = Release;
		};
		63125E452CBF558900C8CBAF /* Build configuration list for PBXNativeTarget "fgrain_metal" */ = {
			isa = XCConfigurationList;
			buildConfigurations = (
				63125E462CBF558900C8CBAF /* Debug */,
				63125E472CBF558900C8CBAF /* Release */,
			);
			defaultConfigurationIsVisible = 0;
			defaultConfigurationName = Release;
		};
/* End XCConfigurationList section */
	};
	rootObject = 63125E322CBF558900C8CBAF /* Project object */;
}
